
Microsoft Visual Studio Solution File, Format Version 12.00
# Visual Studio Version 16
VisualStudioVersion = 16.0.30523.141
MinimumVisualStudioVersion = 10.0.40219.1
Project("{FAE04EC0-301F-11D3-BF4B-00C04F79EFBC}") = "Mady.XML", "Mady.XML\Mady.XML.csproj", "{9652FD34-B9EB-414A-AE86-276A8FD212DB}"
EndProject
Global
	GlobalSection(SolutionConfigurationPlatforms) = preSolution
		Debug|Any CPU = Debug|Any CPU
		Release|Any CPU = Release|Any CPU
	EndGlobalSection
	GlobalSection(ProjectConfigurationPlatforms) = postSolution
		{9652FD34-B9EB-414A-AE86-276A8FD212DB}.Debug|Any CPU.ActiveCfg = Debug|Any CPU
		{9652FD34-B9EB-414A-AE86-276A8FD212DB}.Debug|Any CPU.Build.0 = Debug|Any CPU
		{9652FD34-B9EB-414A-AE86-276A8FD212DB}.Release|Any CPU.ActiveCfg = Release|Any CPU
		{9652FD34-B9EB-414A-AE86-276A8FD212DB}.Release|Any CPU.Build.0 = Release|Any CPU
	EndGlobalSection
	GlobalSection(SolutionProperties) = preSolution
		HideSolutionNode = FALSE
	EndGlobalSection
	GlobalSection(ExtensibilityGlobals) = postSolution
		SolutionGuid = {F46671A0-26F0-468B-82A0-B43B9BC13FE7}
	EndGlobalSection
EndGlobal
